
Microsoft Visual Studio Solution File, Format Version 12.00
# Visual Studio Version 16
VisualStudioVersion = 16.0.29613.14
MinimumVisualStudioVersion = 10.0.40219.1
Project("{FAE04EC0-301F-11D3-BF4B-00C04F79EFBC}") = "Server", "..\Server\Server.csproj", "{04C159EF-F290-4808-9C07-70E30F68184B}"
EndProject
Project("{FAE04EC0-301F-11D3-BF4B-00C04F79EFBC}") = "Client", "..\Client\Client.csproj", "{6DCFB0FF-3844-4565-A6EA-190D5A8C1252}"
EndProject
Project("{FAE04EC0-301F-11D3-BF4B-00C04F79EFBC}") = "Protocol", "..\Protocol\Protocol.csproj", "{C9249A30-A8F3-42D6-870C-339587F1F40E}"
EndProject
Global
	GlobalSection(SolutionConfigurationPlatforms) = preSolution
		Debug|Any CPU = Debug|Any CPU
		Release|Any CPU = Release|Any CPU
	EndGlobalSection
	GlobalSection(ProjectConfigurationPlatforms) = postSolution
		{04C159EF-F290-4808-9C07-70E30F68184B}.Debug|Any CPU.ActiveCfg = Debug|Any CPU
		{04C159EF-F290-4808-9C07-70E30F68184B}.Debug|Any CPU.Build.0 = Debug|Any CPU
		{04C159EF-F290-4808-9C07-70E30F68184B}.Release|Any CPU.ActiveCfg = Release|Any CPU
		{04C159EF-F290-4808-9C07-70E30F68184B}.Release|Any CPU.Build.0 = Release|Any CPU
		{6DCFB0FF-3844-4565-A6EA-190D5A8C1252}.Debug|Any CPU.ActiveCfg = Debug|Any CPU
		{6DCFB0FF-3844-4565-A6EA-190D5A8C1252}.Debug|Any CPU.Build.0 = Debug|Any CPU
		{6DCFB0FF-3844-4565-A6EA-190D5A8C1252}.Release|Any CPU.ActiveCfg = Release|Any CPU
		{6DCFB0FF-3844-4565-A6EA-190D5A8C1252}.Release|Any CPU.Build.0 = Release|Any CPU
		{C9249A30-A8F3-42D6-870C-339587F1F40E}.Debug|Any CPU.ActiveCfg = Debug|Any CPU
		{C9249A30-A8F3-42D6-870C-339587F1F40E}.Debug|Any CPU.Build.0 = Debug|Any CPU
		{C9249A30-A8F3-42D6-870C-339587F1F40E}.Release|Any CPU.ActiveCfg = Release|Any CPU
		{C9249A30-A8F3-42D6-870C-339587F1F40E}.Release|Any CPU.Build.0 = Release|Any CPU
	EndGlobalSection
	GlobalSection(SolutionProperties) = preSolution
		HideSolutionNode = FALSE
	EndGlobalSection
	GlobalSection(ExtensibilityGlobals) = postSolution
		SolutionGuid = {F0C9B3FC-1B61-4EA6-8D47-565E84211B91}
	EndGlobalSection
EndGlobal
